
Microsoft Visual Studio Solution File, Format Version 12.00
# Visual Studio Version 16
VisualStudioVersion = 16.0.31729.503
MinimumVisualStudioVersion = 10.0.40219.1
Project("{9A19103F-16F7-4668-BE54-9A1E7A4F7556}") = "RazorPagesTutorial", "RazorPagesTutorial\RazorPagesTutorial.csproj", "{CA1D18BB-A945-44A6-B247-F731F8FF0390}"
EndProject
Global
	GlobalSection(SolutionConfigurationPlatforms) = preSolution
		Debug|Any CPU = Debug|Any CPU
		Release|Any CPU = Release|Any CPU
	EndGlobalSection
	GlobalSection(ProjectConfigurationPlatforms) = postSolution
		{CA1D18BB-A945-44A6-B247-F731F8FF0390}.Debug|Any CPU.ActiveCfg = Debug|Any CPU
		{CA1D18BB-A945-44A6-B247-F731F8FF0390}.Debug|Any CPU.Build.0 = Debug|Any CPU
		{CA1D18BB-A945-44A6-B247-F731F8FF0390}.Release|Any CPU.ActiveCfg = Release|Any CPU
		{CA1D18BB-A945-44A6-B247-F731F8FF0390}.Release|Any CPU.Build.0 = Release|Any CPU
	EndGlobalSection
	GlobalSection(SolutionProperties) = preSolution
		HideSolutionNode = FALSE
	EndGlobalSection
	GlobalSection(ExtensibilityGlobals) = postSolution
		SolutionGuid = {C87F826D-E51E-4BD3-9A9F-062044DA8503}
	EndGlobalSection
EndGlobal
